
Microsoft Visual Studio Solution File, Format Version 12.00
# Visual Studio 2013
VisualStudioVersion = 12.0.21005.1
MinimumVisualStudioVersion = 10.0.40219.1
Project("{FAE04EC0-301F-11D3-BF4B-00C04F79EFBC}") = "RegionCityDB_MVC", "RegionCityDB_MVC\RegionCityDB_MVC.csproj", "{EC6966AE-0B61-4DE9-9D0F-BDFC8F6F4283}"
EndProject
Project("{FAE04EC0-301F-11D3-BF4B-00C04F79EFBC}") = "RegionCityDB_MVC.DataLayer", "RegionCityDB_MVC.DataLayer\RegionCityDB_MVC.DataLayer.csproj", "{6A8DF92D-48BF-4677-8CAE-91549B69AE20}"
EndProject
Global
	GlobalSection(SolutionConfigurationPlatforms) = preSolution
		Debug|Any CPU = Debug|Any CPU
		Release|Any CPU = Release|Any CPU
	EndGlobalSection
	GlobalSection(ProjectConfigurationPlatforms) = postSolution
		{EC6966AE-0B61-4DE9-9D0F-BDFC8F6F4283}.Debug|Any CPU.ActiveCfg = Debug|Any CPU
		{EC6966AE-0B61-4DE9-9D0F-BDFC8F6F4283}.Debug|Any CPU.Build.0 = Debug|Any CPU
		{EC6966AE-0B61-4DE9-9D0F-BDFC8F6F4283}.Release|Any CPU.ActiveCfg = Release|Any CPU
		{EC6966AE-0B61-4DE9-9D0F-BDFC8F6F4283}.Release|Any CPU.Build.0 = Release|Any CPU
		{6A8DF92D-48BF-4677-8CAE-91549B69AE20}.Debug|Any CPU.ActiveCfg = Debug|Any CPU
		{6A8DF92D-48BF-4677-8CAE-91549B69AE20}.Debug|Any CPU.Build.0 = Debug|Any CPU
		{6A8DF92D-48BF-4677-8CAE-91549B69AE20}.Release|Any CPU.ActiveCfg = Release|Any CPU
		{6A8DF92D-48BF-4677-8CAE-91549B69AE20}.Release|Any CPU.Build.0 = Release|Any CPU
	EndGlobalSection
	GlobalSection(SolutionProperties) = preSolution
		HideSolutionNode = FALSE
	EndGlobalSection
EndGlobal
